
Microsoft Visual Studio Solution File, Format Version 10.00
# Visual Studio 2008
Project("{8BC9CEB8-8B4A-11D0-8D11-00A0C91BC942}") = "DebugMem", "DebugMem.vcproj", "{6C6E952C-F051-4CDB-869D-B3B7B3A75DB7}"
EndProject
Global
	GlobalSection(SolutionConfigurationPlatforms) = preSolution
		Release|Win32 = Release|Win32
	EndGlobalSection
	GlobalSection(ProjectConfigurationPlatforms) = postSolution
		{6C6E952C-F051-4CDB-869D-B3B7B3A75DB7}.Release|Win32.ActiveCfg = Release|Win32
		{6C6E952C-F051-4CDB-869D-B3B7B3A75DB7}.Release|Win32.Build.0 = Release|Win32
	EndGlobalSection
	GlobalSection(SolutionProperties) = preSolution
		HideSolutionNode = FALSE
	EndGlobalSection
EndGlobal
